// !$*UTF8*$!
{
	archiveVersion = 1;
	classes = {
	};
	objectVersion = 46;
	objects = {

/* Begin PBXBuildFile section */
		426ADF631CEC8C8E00DDBD91 /* HypnosMacro.swift in Sources */ = {isa = PBXBuildFile; fileRef = 426ADF621CEC8C8E00DDBD91 /* HypnosMacro.swift */; };
		426ADF651CEC949E00DDBD91 /* HypnosConfig.swift in Sources */ = {isa = PBXBuildFile; fileRef = 426ADF641CEC949E00DDBD91 /* HypnosConfig.swift */; };
		426ADF6A1CED8DCF00DDBD91 /* WildogTests.swift in Sources */ = {isa = PBXBuildFile; fileRef = 426ADF691CED8DCF00DDBD91 /* WildogTests.swift */; };
		426ADF6C1CED949000DDBD91 /* NetworkService.swift in Sources */ = {isa = PBXBuildFile; fileRef = 426ADF6B1CED949000DDBD91 /* NetworkService.swift */; };
		426ADF6E1CED979000DDBD91 /* NetworkTests.swift in Sources */ = {isa = PBXBuildFile; fileRef = 426ADF6D1CED979000DDBD91 /* NetworkTests.swift */; };
		42FAE5BF1CB8E80900495273 /* Main.storyboard in Resources */ = {isa = PBXBuildFile; fileRef = 42FAE5BD1CB8E80900495273 /* Main.storyboard */; };
		42FAE5C11CB8E80A00495273 /* Assets.xcassets in Resources */ = {isa = PBXBuildFile; fileRef = 42FAE5C01CB8E80A00495273 /* Assets.xcassets */; };
		42FAE5C41CB8E80A00495273 /* LaunchScreen.storyboard in Resources */ = {isa = PBXBuildFile; fileRef = 42FAE5C21CB8E80A00495273 /* LaunchScreen.storyboard */; };
		42FAE5CF1CB8E80A00495273 /* HypnosTests.swift in Sources */ = {isa = PBXBuildFile; fileRef = 42FAE5CE1CB8E80A00495273 /* HypnosTests.swift */; };
		42FAE5DA1CB8E80A00495273 /* HypnosUITests.swift in Sources */ = {isa = PBXBuildFile; fileRef = 42FAE5D91CB8E80A00495273 /* HypnosUITests.swift */; };
		42FAE5F21CB8F35D00495273 /* AppDelegate.swift in Sources */ = {isa = PBXBuildFile; fileRef = 42FAE5F11CB8F35D00495273 /* AppDelegate.swift */; };
		5E777242995D10F71965FE98 /* Pods_Hypnos.framework in Frameworks */ = {isa = PBXBuildFile; fileRef = 7A72A1736AFAC79F4DE9D060 /* Pods_Hypnos.framework */; };
		65C2DF321CEC3BBE000E6FD1 /* MainViewController.swift in Sources */ = {isa = PBXBuildFile; fileRef = 65C2DF311CEC3BBE000E6FD1 /* MainViewController.swift */; };
		65C2DF341CEC3CD1000E6FD1 /* HomeViewController.swift in Sources */ = {isa = PBXBuildFile; fileRef = 65C2DF331CEC3CD1000E6FD1 /* HomeViewController.swift */; };
		65C2DF361CEC3D66000E6FD1 /* RecommendViewController.swift in Sources */ = {isa = PBXBuildFile; fileRef = 65C2DF351CEC3D66000E6FD1 /* RecommendViewController.swift */; };
		65C2DF381CEC3D88000E6FD1 /* ProfileViewController.swift in Sources */ = {isa = PBXBuildFile; fileRef = 65C2DF371CEC3D88000E6FD1 /* ProfileViewController.swift */; };
		65C2DF3F1CEC4143000E6FD1 /* LeftViewController.swift in Sources */ = {isa = PBXBuildFile; fileRef = 65C2DF3E1CEC4143000E6FD1 /* LeftViewController.swift */; };
		65C2DF411CEC4AAC000E6FD1 /* ContainerViewController.swift in Sources */ = {isa = PBXBuildFile; fileRef = 65C2DF401CEC4AAC000E6FD1 /* ContainerViewController.swift */; };
/* End PBXBuildFile section */

/* Begin PBXContainerItemProxy section */
		42FAE5CB1CB8E80A00495273 /* PBXContainerItemProxy */ = {
			isa = PBXContainerItemProxy;
			containerPortal = 42FAE5AE1CB8E80900495273 /* Project object */;
			proxyType = 1;
			remoteGlobalIDString = 42FAE5B51CB8E80900495273;
			remoteInfo = Hypnos;
		};
		42FAE5D61CB8E80A00495273 /* PBXContainerItemProxy */ = {
			isa = PBXContainerItemProxy;
			containerPortal = 42FAE5AE1CB8E80900495273 /* Project object */;
			proxyType = 1;
			remoteGlobalIDString = 42FAE5B51CB8E80900495273;
			remoteInfo = Hypnos;
		};
/* End PBXContainerItemProxy section */

/* Begin PBXFileReference section */
		0AE9F4983DBBBF4D5D374647 /* Pods-Hypnos.release.xcconfig */ = {isa = PBXFileReference; includeInIndex = 1; lastKnownFileType = text.xcconfig; name = "Pods-Hypnos.release.xcconfig"; path = "Pods/Target Support Files/Pods-Hypnos/Pods-Hypnos.release.xcconfig"; sourceTree = "<group>"; };
		1869DDBB9924717F1C728AA4 /* Pods.framework */ = {isa = PBXFileReference; explicitFileType = wrapper.framework; includeInIndex = 0; path = Pods.framework; sourceTree = BUILT_PRODUCTS_DIR; };
		426ADF621CEC8C8E00DDBD91 /* HypnosMacro.swift */ = {isa = PBXFileReference; fileEncoding = 4; lastKnownFileType = sourcecode.swift; path = HypnosMacro.swift; sourceTree = "<group>"; };
		426ADF641CEC949E00DDBD91 /* HypnosConfig.swift */ = {isa = PBXFileReference; fileEncoding = 4; lastKnownFileType = sourcecode.swift; path = HypnosConfig.swift; sourceTree = "<group>"; };
		426ADF691CED8DCF00DDBD91 /* WildogTests.swift */ = {isa = PBXFileReference; fileEncoding = 4; lastKnownFileType = sourcecode.swift; path = WildogTests.swift; sourceTree = "<group>"; };
		426ADF6B1CED949000DDBD91 /* NetworkService.swift */ = {isa = PBXFileReference; fileEncoding = 4; lastKnownFileType = sourcecode.swift; path = NetworkService.swift; sourceTree = "<group>"; };
		426ADF6D1CED979000DDBD91 /* NetworkTests.swift */ = {isa = PBXFileReference; fileEncoding = 4; lastKnownFileType = sourcecode.swift; path = NetworkTests.swift; sourceTree = "<group>"; };
		42FAE5B61CB8E80900495273 /* Hypnos.app */ = {isa = PBXFileReference; explicitFileType = wrapper.application; includeInIndex = 0; path = Hypnos.app; sourceTree = BUILT_PRODUCTS_DIR; };
		42FAE5BE1CB8E80900495273 /* Base */ = {isa = PBXFileReference; lastKnownFileType = file.storyboard; name = Base; path = Base.lproj/Main.storyboard; sourceTree = "<group>"; };
		42FAE5C01CB8E80A00495273 /* Assets.xcassets */ = {isa = PBXFileReference; lastKnownFileType = folder.assetcatalog; path = Assets.xcassets; sourceTree = "<group>"; };
		42FAE5C31CB8E80A00495273 /* Base */ = {isa = PBXFileReference; lastKnownFileType = file.storyboard; name = Base; path = Base.lproj/LaunchScreen.storyboard; sourceTree = "<group>"; };
		42FAE5C51CB8E80A00495273 /* Info.plist */ = {isa = PBXFileReference; lastKnownFileType = text.plist.xml; name = Info.plist; path = ../Info.plist; sourceTree = "<group>"; };
		42FAE5CA1CB8E80A00495273 /* HypnosTests.xctest */ = {isa = PBXFileReference; explicitFileType = wrapper.cfbundle; includeInIndex = 0; path = HypnosTests.xctest; sourceTree = BUILT_PRODUCTS_DIR; };
		42FAE5CE1CB8E80A00495273 /* HypnosTests.swift */ = {isa = PBXFileReference; lastKnownFileType = sourcecode.swift; path = HypnosTests.swift; sourceTree = "<group>"; };
		42FAE5D01CB8E80A00495273 /* Info.plist */ = {isa = PBXFileReference; lastKnownFileType = text.plist.xml; path = Info.plist; sourceTree = "<group>"; };
		42FAE5D51CB8E80A00495273 /* HypnosUITests.xctest */ = {isa = PBXFileReference; explicitFileType = wrapper.cfbundle; includeInIndex = 0; path = HypnosUITests.xctest; sourceTree = BUILT_PRODUCTS_DIR; };
		42FAE5D91CB8E80A00495273 /* HypnosUITests.swift */ = {isa = PBXFileReference; lastKnownFileType = sourcecode.swift; path = HypnosUITests.swift; sourceTree = "<group>"; };
		42FAE5DB1CB8E80A00495273 /* Info.plist */ = {isa = PBXFileReference; lastKnownFileType = text.plist.xml; path = Info.plist; sourceTree = "<group>"; };
		42FAE5F11CB8F35D00495273 /* AppDelegate.swift */ = {isa = PBXFileReference; fileEncoding = 4; lastKnownFileType = sourcecode.swift; path = AppDelegate.swift; sourceTree = "<group>"; };
		65C2DF311CEC3BBE000E6FD1 /* MainViewController.swift */ = {isa = PBXFileReference; fileEncoding = 4; lastKnownFileType = sourcecode.swift; path = MainViewController.swift; sourceTree = "<group>"; };
		65C2DF331CEC3CD1000E6FD1 /* HomeViewController.swift */ = {isa = PBXFileReference; fileEncoding = 4; lastKnownFileType = sourcecode.swift; path = HomeViewController.swift; sourceTree = "<group>"; };
		65C2DF351CEC3D66000E6FD1 /* RecommendViewController.swift */ = {isa = PBXFileReference; fileEncoding = 4; lastKnownFileType = sourcecode.swift; path = RecommendViewController.swift; sourceTree = "<group>"; };
		65C2DF371CEC3D88000E6FD1 /* ProfileViewController.swift */ = {isa = PBXFileReference; fileEncoding = 4; lastKnownFileType = sourcecode.swift; path = ProfileViewController.swift; sourceTree = "<group>"; };
		65C2DF3A1CEC400E000E6FD1 /* Hypnos-Bridging-Header.h */ = {isa = PBXFileReference; lastKnownFileType = sourcecode.c.h; name = "Hypnos-Bridging-Header.h"; path = "../Hypnos-Bridging-Header.h"; sourceTree = "<group>"; };
		65C2DF3E1CEC4143000E6FD1 /* LeftViewController.swift */ = {isa = PBXFileReference; fileEncoding = 4; lastKnownFileType = sourcecode.swift; path = LeftViewController.swift; sourceTree = "<group>"; };
		65C2DF401CEC4AAC000E6FD1 /* ContainerViewController.swift */ = {isa = PBXFileReference; fileEncoding = 4; lastKnownFileType = sourcecode.swift; path = ContainerViewController.swift; sourceTree = "<group>"; };
		7A72A1736AFAC79F4DE9D060 /* Pods_Hypnos.framework */ = {isa = PBXFileReference; explicitFileType = wrapper.framework; includeInIndex = 0; path = Pods_Hypnos.framework; sourceTree = BUILT_PRODUCTS_DIR; };
		C8425134E2B2151E82ACC3CB /* Pods-Hypnos.debug.xcconfig */ = {isa = PBXFileReference; includeInIndex = 1; lastKnownFileType = text.xcconfig; name = "Pods-Hypnos.debug.xcconfig"; path = "Pods/Target Support Files/Pods-Hypnos/Pods-Hypnos.debug.xcconfig"; sourceTree = "<group>"; };
/* End PBXFileReference section */

/* Begin PBXFrameworksBuildPhase section */
		42FAE5B31CB8E80900495273 /* Frameworks */ = {
			isa = PBXFrameworksBuildPhase;
			buildActionMask = 2147483647;
			files = (
				5E777242995D10F71965FE98 /* Pods_Hypnos.framework in Frameworks */,
			);
			runOnlyForDeploymentPostprocessing = 0;
		};
		42FAE5C71CB8E80A00495273 /* Frameworks */ = {
			isa = PBXFrameworksBuildPhase;
			buildActionMask = 2147483647;
			files = (
			);
			runOnlyForDeploymentPostprocessing = 0;
		};
		42FAE5D21CB8E80A00495273 /* Frameworks */ = {
			isa = PBXFrameworksBuildPhase;
			buildActionMask = 2147483647;
			files = (
			);
			runOnlyForDeploymentPostprocessing = 0;
		};
/* End PBXFrameworksBuildPhase section */

/* Begin PBXGroup section */
		2549724CEDA17C39F60A631D /* Frameworks */ = {
			isa = PBXGroup;
			children = (
				1869DDBB9924717F1C728AA4 /* Pods.framework */,
				7A72A1736AFAC79F4DE9D060 /* Pods_Hypnos.framework */,
			);
			name = Frameworks;
			sourceTree = "<group>";
		};
		426ADF661CECA1A100DDBD91 /* Login */ = {
			isa = PBXGroup;
			children = (
			);
			path = Login;
			sourceTree = "<group>";
		};
		42FAE5AD1CB8E80900495273 = {
			isa = PBXGroup;
			children = (
				42FAE5B81CB8E80900495273 /* Hypnos */,
				42FAE5CD1CB8E80A00495273 /* HypnosTests */,
				42FAE5D81CB8E80A00495273 /* HypnosUITests */,
				42FAE5B71CB8E80900495273 /* Products */,
				2549724CEDA17C39F60A631D /* Frameworks */,
				94BD82A40EA3C17F65518030 /* Pods */,
			);
			sourceTree = "<group>";
		};
		42FAE5B71CB8E80900495273 /* Products */ = {
			isa = PBXGroup;
			children = (
				42FAE5B61CB8E80900495273 /* Hypnos.app */,
				42FAE5CA1CB8E80A00495273 /* HypnosTests.xctest */,
				42FAE5D51CB8E80A00495273 /* HypnosUITests.xctest */,
			);
			name = Products;
			sourceTree = "<group>";
		};
		42FAE5B81CB8E80900495273 /* Hypnos */ = {
			isa = PBXGroup;
			children = (
				65C2DF391CEC3FA1000E6FD1 /* Lib */,
				65C2DF301CEC3B95000E6FD1 /* Main */,
				42FAE5EC1CB8EA0500495273 /* Model */,
				42FAE5EA1CB8E9D600495273 /* View */,
				42FAE5E91CB8E9C600495273 /* ViewModel */,
				42FAE5EB1CB8E9E800495273 /* Controller */,
				42FAE5EE1CB8EABF00495273 /* Service */,
				42FAE5EF1CB8EAE000495273 /* Protocol */,
				42FAE5E81CB8E9AD00495273 /* Configure */,
				42FAE5F01CB8EC3700495273 /* Extension */,
				42FAE5ED1CB8EA3100495273 /* Interface */,
				42FAE5C01CB8E80A00495273 /* Assets.xcassets */,
			);
			path = Hypnos;
			sourceTree = "<group>";
		};
		42FAE5CD1CB8E80A00495273 /* HypnosTests */ = {
			isa = PBXGroup;
			children = (
				42FAE5CE1CB8E80A00495273 /* HypnosTests.swift */,
				426ADF691CED8DCF00DDBD91 /* WildogTests.swift */,
				426ADF6D1CED979000DDBD91 /* NetworkTests.swift */,
				42FAE5D01CB8E80A00495273 /* Info.plist */,
			);
			path = HypnosTests;
			sourceTree = "<group>";
		};
		42FAE5D81CB8E80A00495273 /* HypnosUITests */ = {
			isa = PBXGroup;
			children = (
				42FAE5D91CB8E80A00495273 /* HypnosUITests.swift */,
				42FAE5DB1CB8E80A00495273 /* Info.plist */,
			);
			path = HypnosUITests;
			sourceTree = "<group>";
		};
		42FAE5E81CB8E9AD00495273 /* Configure */ = {
			isa = PBXGroup;
			children = (
				426ADF641CEC949E00DDBD91 /* HypnosConfig.swift */,
				426ADF621CEC8C8E00DDBD91 /* HypnosMacro.swift */,
				42FAE5F11CB8F35D00495273 /* AppDelegate.swift */,
				65C2DF3A1CEC400E000E6FD1 /* Hypnos-Bridging-Header.h */,
				42FAE5C51CB8E80A00495273 /* Info.plist */,
			);
			path = Configure;
			sourceTree = "<group>";
		};
		42FAE5E91CB8E9C600495273 /* ViewModel */ = {
			isa = PBXGroup;
			children = (
			);
			path = ViewModel;
			sourceTree = "<group>";
		};
		42FAE5EA1CB8E9D600495273 /* View */ = {
			isa = PBXGroup;
			children = (
			);
			path = View;
			sourceTree = "<group>";
		};
		42FAE5EB1CB8E9E800495273 /* Controller */ = {
			isa = PBXGroup;
			children = (
			);
			path = Controller;
			sourceTree = "<group>";
		};
		42FAE5EC1CB8EA0500495273 /* Model */ = {
			isa = PBXGroup;
			children = (
				426ADF661CECA1A100DDBD91 /* Login */,
			);
			path = Model;
			sourceTree = "<group>";
		};
		42FAE5ED1CB8EA3100495273 /* Interface */ = {
			isa = PBXGroup;
			children = (
				42FAE5BD1CB8E80900495273 /* Main.storyboard */,
				42FAE5C21CB8E80A00495273 /* LaunchScreen.storyboard */,
			);
			path = Interface;
			sourceTree = "<group>";
		};
		42FAE5EE1CB8EABF00495273 /* Service */ = {
			isa = PBXGroup;
			children = (
				426ADF6B1CED949000DDBD91 /* NetworkService.swift */,
			);
			path = Service;
			sourceTree = "<group>";
		};
		42FAE5EF1CB8EAE000495273 /* Protocol */ = {
			isa = PBXGroup;
			children = (
			);
			path = Protocol;
			sourceTree = "<group>";
		};
		42FAE5F01CB8EC3700495273 /* Extension */ = {
			isa = PBXGroup;
			children = (
			);
			path = Extension;
			sourceTree = "<group>";
		};
		65C2DF301CEC3B95000E6FD1 /* Main */ = {
			isa = PBXGroup;
			children = (
				65C2DF311CEC3BBE000E6FD1 /* MainViewController.swift */,
				65C2DF351CEC3D66000E6FD1 /* RecommendViewController.swift */,
				65C2DF371CEC3D88000E6FD1 /* ProfileViewController.swift */,
				65C2DF331CEC3CD1000E6FD1 /* HomeViewController.swift */,
				65C2DF3E1CEC4143000E6FD1 /* LeftViewController.swift */,
				65C2DF401CEC4AAC000E6FD1 /* ContainerViewController.swift */,
			);
			name = Main;
			sourceTree = "<group>";
		};
		65C2DF391CEC3FA1000E6FD1 /* Lib */ = {
			isa = PBXGroup;
			children = (
			);
			name = Lib;
			sourceTree = "<group>";
		};
		94BD82A40EA3C17F65518030 /* Pods */ = {
			isa = PBXGroup;
			children = (
				C8425134E2B2151E82ACC3CB /* Pods-Hypnos.debug.xcconfig */,
				0AE9F4983DBBBF4D5D374647 /* Pods-Hypnos.release.xcconfig */,
			);
			name = Pods;
			sourceTree = "<group>";
		};
/* End PBXGroup section */

/* Begin PBXNativeTarget section */
		42FAE5B51CB8E80900495273 /* Hypnos */ = {
			isa = PBXNativeTarget;
			buildConfigurationList = 42FAE5DE1CB8E80A00495273 /* Build configuration list for PBXNativeTarget "Hypnos" */;
			buildPhases = (
				E05B230D9F959A3A1058C096 /* 📦 Check Pods Manifest.lock */,
				42FAE5B21CB8E80900495273 /* Sources */,
				42FAE5B31CB8E80900495273 /* Frameworks */,
				42FAE5B41CB8E80900495273 /* Resources */,
				6F2784E68D07585F0D3EF31C /* 📦 Embed Pods Frameworks */,
				0EF3AEE4CFC90767624CEC26 /* 📦 Copy Pods Resources */,
			);
			buildRules = (
			);
			dependencies = (
			);
			name = Hypnos;
			productName = Hypnos;
			productReference = 42FAE5B61CB8E80900495273 /* Hypnos.app */;
			productType = "com.apple.product-type.application";
		};
		42FAE5C91CB8E80A00495273 /* HypnosTests */ = {
			isa = PBXNativeTarget;
			buildConfigurationList = 42FAE5E11CB8E80A00495273 /* Build configuration list for PBXNativeTarget "HypnosTests" */;
			buildPhases = (
				42FAE5C61CB8E80A00495273 /* Sources */,
				42FAE5C71CB8E80A00495273 /* Frameworks */,
				42FAE5C81CB8E80A00495273 /* Resources */,
			);
			buildRules = (
			);
			dependencies = (
				42FAE5CC1CB8E80A00495273 /* PBXTargetDependency */,
			);
			name = HypnosTests;
			productName = HypnosTests;
			productReference = 42FAE5CA1CB8E80A00495273 /* HypnosTests.xctest */;
			productType = "com.apple.product-type.bundle.unit-test";
		};
		42FAE5D41CB8E80A00495273 /* HypnosUITests */ = {
			isa = PBXNativeTarget;
			buildConfigurationList = 42FAE5E41CB8E80A00495273 /* Build configuration list for PBXNativeTarget "HypnosUITests" */;
			buildPhases = (
				42FAE5D11CB8E80A00495273 /* Sources */,
				42FAE5D21CB8E80A00495273 /* Frameworks */,
				42FAE5D31CB8E80A00495273 /* Resources */,
			);
			buildRules = (
			);
			dependencies = (
				42FAE5D71CB8E80A00495273 /* PBXTargetDependency */,
			);
			name = HypnosUITests;
			productName = HypnosUITests;
			productReference = 42FAE5D51CB8E80A00495273 /* HypnosUITests.xctest */;
			productType = "com.apple.product-type.bundle.ui-testing";
		};
/* End PBXNativeTarget section */

/* Begin PBXProject section */
		42FAE5AE1CB8E80900495273 /* Project object */ = {
			isa = PBXProject;
			attributes = {
				LastSwiftUpdateCheck = 0730;
				LastUpgradeCheck = 0730;
				ORGANIZATIONNAME = DMT312;
				TargetAttributes = {
					42FAE5B51CB8E80900495273 = {
						CreatedOnToolsVersion = 7.3;
						DevelopmentTeam = 678WD436L9;
					};
					42FAE5C91CB8E80A00495273 = {
						CreatedOnToolsVersion = 7.3;
						DevelopmentTeam = 678WD436L9;
						TestTargetID = 42FAE5B51CB8E80900495273;
					};
					42FAE5D41CB8E80A00495273 = {
						CreatedOnToolsVersion = 7.3;
						DevelopmentTeam = 678WD436L9;
						TestTargetID = 42FAE5B51CB8E80900495273;
					};
				};
			};
			buildConfigurationList = 42FAE5B11CB8E80900495273 /* Build configuration list for PBXProject "Hypnos" */;
			compatibilityVersion = "Xcode 3.2";
			developmentRegion = English;
			hasScannedForEncodings = 0;
			knownRegions = (
				en,
				Base,
			);
			mainGroup = 42FAE5AD1CB8E80900495273;
			productRefGroup = 42FAE5B71CB8E80900495273 /* Products */;
			projectDirPath = "";
			projectRoot = "";
			targets = (
				42FAE5B51CB8E80900495273 /* Hypnos */,
				42FAE5C91CB8E80A00495273 /* HypnosTests */,
				42FAE5D41CB8E80A00495273 /* HypnosUITests */,
			);
		};
/* End PBXProject section */

/* Begin PBXResourcesBuildPhase section */
		42FAE5B41CB8E80900495273 /* Resources */ = {
			isa = PBXResourcesBuildPhase;
			buildActionMask = 2147483647;
			files = (
				42FAE5C41CB8E80A00495273 /* LaunchScreen.storyboard in Resources */,
				42FAE5C11CB8E80A00495273 /* Assets.xcassets in Resources */,
				42FAE5BF1CB8E80900495273 /* Main.storyboard in Resources */,
			);
			runOnlyForDeploymentPostprocessing = 0;
		};
		42FAE5C81CB8E80A00495273 /* Resources */ = {
			isa = PBXResourcesBuildPhase;
			buildActionMask = 2147483647;
			files = (
			);
			runOnlyForDeploymentPostprocessing = 0;
		};
		42FAE5D31CB8E80A00495273 /* Resources */ = {
			isa = PBXResourcesBuildPhase;
			buildActionMask = 2147483647;
			files = (
			);
			runOnlyForDeploymentPostprocessing = 0;
		};
/* End PBXResourcesBuildPhase section */

/* Begin PBXShellScriptBuildPhase section */
		0EF3AEE4CFC90767624CEC26 /* 📦 Copy Pods Resources */ = {
			isa = PBXShellScriptBuildPhase;
			buildActionMask = 2147483647;
			files = (
			);
			inputPaths = (
			);
			name = "📦 Copy Pods Resources";
			outputPaths = (
			);
			runOnlyForDeploymentPostprocessing = 0;
			shellPath = /bin/sh;
			shellScript = "\"${SRCROOT}/Pods/Target Support Files/Pods-Hypnos/Pods-Hypnos-resources.sh\"\n";
			showEnvVarsInLog = 0;
		};
		6F2784E68D07585F0D3EF31C /* 📦 Embed Pods Frameworks */ = {
			isa = PBXShellScriptBuildPhase;
			buildActionMask = 2147483647;
			files = (
			);
			inputPaths = (
			);
			name = "📦 Embed Pods Frameworks";
			outputPaths = (
			);
			runOnlyForDeploymentPostprocessing = 0;
			shellPath = /bin/sh;
			shellScript = "\"${SRCROOT}/Pods/Target Support Files/Pods-Hypnos/Pods-Hypnos-frameworks.sh\"\n";
			showEnvVarsInLog = 0;
		};
		E05B230D9F959A3A1058C096 /* 📦 Check Pods Manifest.lock */ = {
			isa = PBXShellScriptBuildPhase;
			buildActionMask = 2147483647;
			files = (
			);
			inputPaths = (
			);
			name = "📦 Check Pods Manifest.lock";
			outputPaths = (
			);
			runOnlyForDeploymentPostprocessing = 0;
			shellPath = /bin/sh;
			shellScript = "diff \"${PODS_ROOT}/../Podfile.lock\" \"${PODS_ROOT}/Manifest.lock\" > /dev/null\nif [[ $? != 0 ]] ; then\n    cat << EOM\nerror: The sandbox is not in sync with the Podfile.lock. Run 'pod install' or update your CocoaPods installation.\nEOM\n    exit 1\nfi\n";
			showEnvVarsInLog = 0;
		};
/* End PBXShellScriptBuildPhase section */

/* Begin PBXSourcesBuildPhase section */
		42FAE5B21CB8E80900495273 /* Sources */ = {
			isa = PBXSourcesBuildPhase;
			buildActionMask = 2147483647;
			files = (
				426ADF6C1CED949000DDBD91 /* NetworkService.swift in Sources */,
				426ADF651CEC949E00DDBD91 /* HypnosConfig.swift in Sources */,
				42FAE5F21CB8F35D00495273 /* AppDelegate.swift in Sources */,
				65C2DF361CEC3D66000E6FD1 /* RecommendViewController.swift in Sources */,
				65C2DF411CEC4AAC000E6FD1 /* ContainerViewController.swift in Sources */,
				65C2DF381CEC3D88000E6FD1 /* ProfileViewController.swift in Sources */,
				65C2DF321CEC3BBE000E6FD1 /* MainViewController.swift in Sources */,
				65C2DF341CEC3CD1000E6FD1 /* HomeViewController.swift in Sources */,
				65C2DF3F1CEC4143000E6FD1 /* LeftViewController.swift in Sources */,
				426ADF631CEC8C8E00DDBD91 /* HypnosMacro.swift in Sources */,
			);
			runOnlyForDeploymentPostprocessing = 0;
		};
		42FAE5C61CB8E80A00495273 /* Sources */ = {
			isa = PBXSourcesBuildPhase;
			buildActionMask = 2147483647;
			files = (
				426ADF6E1CED979000DDBD91 /* NetworkTests.swift in Sources */,
				42FAE5CF1CB8E80A00495273 /* HypnosTests.swift in Sources */,
				426ADF6A1CED8DCF00DDBD91 /* WildogTests.swift in Sources */,
			);
			runOnlyForDeploymentPostprocessing = 0;
		};
		42FAE5D11CB8E80A00495273 /* Sources */ = {
			isa = PBXSourcesBuildPhase;
			buildActionMask = 2147483647;
			files = (
				42FAE5DA1CB8E80A00495273 /* HypnosUITests.swift in Sources */,
			);
			runOnlyForDeploymentPostprocessing = 0;
		};
/* End PBXSourcesBuildPhase section */

/* Begin PBXTargetDependency section */
		42FAE5CC1CB8E80A00495273 /* PBXTargetDependency */ = {
			isa = PBXTargetDependency;
			target = 42FAE5B51CB8E80900495273 /* Hypnos */;
			targetProxy = 42FAE5CB1CB8E80A00495273 /* PBXContainerItemProxy */;
		};
		42FAE5D71CB8E80A00495273 /* PBXTargetDependency */ = {
			isa = PBXTargetDependency;
			target = 42FAE5B51CB8E80900495273 /* Hypnos */;
			targetProxy = 42FAE5D61CB8E80A00495273 /* PBXContainerItemProxy */;
		};
/* End PBXTargetDependency section */

/* Begin PBXVariantGroup section */
		42FAE5BD1CB8E80900495273 /* Main.storyboard */ = {
			isa = PBXVariantGroup;
			children = (
				42FAE5BE1CB8E80900495273 /* Base */,
			);
			name = Main.storyboard;
			path = ..;
			sourceTree = "<group>";
		};
		42FAE5C21CB8E80A00495273 /* LaunchScreen.storyboard */ = {
			isa = PBXVariantGroup;
			children = (
				42FAE5C31CB8E80A00495273 /* Base */,
			);
			name = LaunchScreen.storyboard;
			path = ..;
			sourceTree = "<group>";
		};
/* End PBXVariantGroup section */

/* Begin XCBuildConfiguration section */
		42FAE5DC1CB8E80A00495273 /* Debug */ = {
			isa = XCBuildConfiguration;
			buildSettings = {
				ALWAYS_SEARCH_USER_PATHS = NO;
				CLANG_ANALYZER_NONNULL = YES;
				CLANG_CXX_LANGUAGE_STANDARD = "gnu++0x";
				CLANG_CXX_LIBRARY = "libc++";
				CLANG_ENABLE_MODULES = YES;
				CLANG_ENABLE_OBJC_ARC = YES;
				CLANG_WARN_BOOL_CONVERSION = YES;
				CLANG_WARN_CONSTANT_CONVERSION = YES;
				CLANG_WARN_DIRECT_OBJC_ISA_USAGE = YES_ERROR;
				CLANG_WARN_EMPTY_BODY = YES;
				CLANG_WARN_ENUM_CONVERSION = YES;
				CLANG_WARN_INT_CONVERSION = YES;
				CLANG_WARN_OBJC_ROOT_CLASS = YES_ERROR;
				CLANG_WARN_UNREACHABLE_CODE = YES;
				CLANG_WARN__DUPLICATE_METHOD_MATCH = YES;
				"CODE_SIGN_IDENTITY[sdk=iphoneos*]" = "iPhone Developer";
				COPY_PHASE_STRIP = NO;
				DEBUG_INFORMATION_FORMAT = dwarf;
				ENABLE_STRICT_OBJC_MSGSEND = YES;
				ENABLE_TESTABILITY = YES;
				GCC_C_LANGUAGE_STANDARD = gnu99;
				GCC_DYNAMIC_NO_PIC = NO;
				GCC_NO_COMMON_BLOCKS = YES;
				GCC_OPTIMIZATION_LEVEL = 0;
				GCC_PREPROCESSOR_DEFINITIONS = (
					"DEBUG=1",
					"$(inherited)",
				);
				GCC_WARN_64_TO_32_BIT_CONVERSION = YES;
				GCC_WARN_ABOUT_RETURN_TYPE = YES_ERROR;
				GCC_WARN_UNDECLARED_SELECTOR = YES;
				GCC_WARN_UNINITIALIZED_AUTOS = YES_AGGRESSIVE;
				GCC_WARN_UNUSED_FUNCTION = YES;
				GCC_WARN_UNUSED_VARIABLE = YES;
				INFOPLIST_FILE = /Users/Maru/Documents/Projective/Hypnos/Hypnos/HypnosUITests/Info.plist;
				IPHONEOS_DEPLOYMENT_TARGET = 9.3;
				MTL_ENABLE_DEBUG_INFO = YES;
				ONLY_ACTIVE_ARCH = YES;
				SDKROOT = iphoneos;
				SWIFT_OPTIMIZATION_LEVEL = "-Onone";
			};
			name = Debug;
		};
		42FAE5DD1CB8E80A00495273 /* Release */ = {
			isa = XCBuildConfiguration;
			buildSettings = {
				ALWAYS_SEARCH_USER_PATHS = NO;
				CLANG_ANALYZER_NONNULL = YES;
				CLANG_CXX_LANGUAGE_STANDARD = "gnu++0x";
				CLANG_CXX_LIBRARY = "libc++";
				CLANG_ENABLE_MODULES = YES;
				CLANG_ENABLE_OBJC_ARC = YES;
				CLANG_WARN_BOOL_CONVERSION = YES;
				CLANG_WARN_CONSTANT_CONVERSION = YES;
				CLANG_WARN_DIRECT_OBJC_ISA_USAGE = YES_ERROR;
				CLANG_WARN_EMPTY_BODY = YES;
				CLANG_WARN_ENUM_CONVERSION = YES;
				CLANG_WARN_INT_CONVERSION = YES;
				CLANG_WARN_OBJC_ROOT_CLASS = YES_ERROR;
				CLANG_WARN_UNREACHABLE_CODE = YES;
				CLANG_WARN__DUPLICATE_METHOD_MATCH = YES;
				"CODE_SIGN_IDENTITY[sdk=iphoneos*]" = "iPhone Developer";
				COPY_PHASE_STRIP = NO;
				DEBUG_INFORMATION_FORMAT = "dwarf-with-dsym";
				ENABLE_NS_ASSERTIONS = NO;
				ENABLE_STRICT_OBJC_MSGSEND = YES;
				GCC_C_LANGUAGE_STANDARD = gnu99;
				GCC_NO_COMMON_BLOCKS = YES;
				GCC_WARN_64_TO_32_BIT_CONVERSION = YES;
				GCC_WARN_ABOUT_RETURN_TYPE = YES_ERROR;
				GCC_WARN_UNDECLARED_SELECTOR = YES;
				GCC_WARN_UNINITIALIZED_AUTOS = YES_AGGRESSIVE;
				GCC_WARN_UNUSED_FUNCTION = YES;
				GCC_WARN_UNUSED_VARIABLE = YES;
				INFOPLIST_FILE = /Users/Maru/Documents/Projective/Hypnos/Hypnos/HypnosUITests/Info.plist;
				IPHONEOS_DEPLOYMENT_TARGET = 9.3;
				MTL_ENABLE_DEBUG_INFO = NO;
				SDKROOT = iphoneos;
				VALIDATE_PRODUCT = YES;
			};
			name = Release;
		};
		42FAE5DF1CB8E80A00495273 /* Debug */ = {
			isa = XCBuildConfiguration;
			baseConfigurationReference = C8425134E2B2151E82ACC3CB /* Pods-Hypnos.debug.xcconfig */;
			buildSettings = {
				ASSETCATALOG_COMPILER_APPICON_NAME = AppIcon;
				CLANG_ENABLE_MODULES = YES;
				INFOPLIST_FILE = Hypnos/Info.plist;
				IPHONEOS_DEPLOYMENT_TARGET = 9.3;
				LD_RUNPATH_SEARCH_PATHS = "$(inherited) @executable_path/Frameworks";
				PRODUCT_BUNDLE_IDENTIFIER = com.alloc.Hypnos;
				PRODUCT_NAME = "$(TARGET_NAME)";
				SWIFT_OBJC_BRIDGING_HEADER = "Hypnos/Hypnos-Bridging-Header.h";
				SWIFT_OPTIMIZATION_LEVEL = "-Onone";
			};
			name = Debug;
		};
		42FAE5E01CB8E80A00495273 /* Release */ = {
			isa = XCBuildConfiguration;
			baseConfigurationReference = 0AE9F4983DBBBF4D5D374647 /* Pods-Hypnos.release.xcconfig */;
			buildSettings = {
				ASSETCATALOG_COMPILER_APPICON_NAME = AppIcon;
				CLANG_ENABLE_MODULES = YES;
				INFOPLIST_FILE = Hypnos/Info.plist;
				IPHONEOS_DEPLOYMENT_TARGET = 9.3;
				LD_RUNPATH_SEARCH_PATHS = "$(inherited) @executable_path/Frameworks";
				PRODUCT_BUNDLE_IDENTIFIER = com.alloc.Hypnos;
				PRODUCT_NAME = "$(TARGET_NAME)";
				SWIFT_OBJC_BRIDGING_HEADER = "Hypnos/Hypnos-Bridging-Header.h";
			};
			name = Release;
		};
		42FAE5E21CB8E80A00495273 /* Debug */ = {
			isa = XCBuildConfiguration;
			baseConfigurationReference = C8425134E2B2151E82ACC3CB /* Pods-Hypnos.debug.xcconfig */;
			buildSettings = {
				BUNDLE_LOADER = "$(TEST_HOST)";
				INFOPLIST_FILE = HypnosTests/Info.plist;
				LD_RUNPATH_SEARCH_PATHS = "$(inherited) @executable_path/Frameworks @loader_path/Frameworks";
				PRODUCT_BUNDLE_IDENTIFIER = com.alloc.HypnosTests;
				PRODUCT_NAME = "$(TARGET_NAME)";
				TEST_HOST = "$(BUILT_PRODUCTS_DIR)/Hypnos.app/Hypnos";
			};
			name = Debug;
		};
		42FAE5E31CB8E80A00495273 /* Release */ = {
			isa = XCBuildConfiguration;
			buildSettings = {
				BUNDLE_LOADER = "$(TEST_HOST)";
				INFOPLIST_FILE = HypnosTests/Info.plist;
				LD_RUNPATH_SEARCH_PATHS = "$(inherited) @executable_path/Frameworks @loader_path/Frameworks";
				PRODUCT_BUNDLE_IDENTIFIER = com.alloc.HypnosTests;
				PRODUCT_NAME = "$(TARGET_NAME)";
				TEST_HOST = "$(BUILT_PRODUCTS_DIR)/Hypnos.app/Hypnos";
			};
			name = Release;
		};
		42FAE5E51CB8E80A00495273 /* Debug */ = {
			isa = XCBuildConfiguration;
			baseConfigurationReference = C8425134E2B2151E82ACC3CB /* Pods-Hypnos.debug.xcconfig */;
			buildSettings = {
				INFOPLIST_FILE = HypnosUITests/Info.plist;
				LD_RUNPATH_SEARCH_PATHS = "$(inherited) @executable_path/Frameworks @loader_path/Frameworks";
				PRODUCT_BUNDLE_IDENTIFIER = com.alloc.HypnosUITests;
				PRODUCT_NAME = "$(TARGET_NAME)";
				TEST_TARGET_NAME = Hypnos;
			};
			name = Debug;
		};
		42FAE5E61CB8E80A00495273 /* Release */ = {
			isa = XCBuildConfiguration;
			buildSettings = {
				INFOPLIST_FILE = HypnosUITests/Info.plist;
				LD_RUNPATH_SEARCH_PATHS = "$(inherited) @executable_path/Frameworks @loader_path/Frameworks";
				PRODUCT_BUNDLE_IDENTIFIER = com.alloc.HypnosUITests;
				PRODUCT_NAME = "$(TARGET_NAME)";
				TEST_TARGET_NAME = Hypnos;
			};
			name = Release;
		};
/* End XCBuildConfiguration section */

/* Begin XCConfigurationList section */
		42FAE5B11CB8E80900495273 /* Build configuration list for PBXProject "Hypnos" */ = {
			isa = XCConfigurationList;
			buildConfigurations = (
				42FAE5DC1CB8E80A00495273 /* Debug */,
				42FAE5DD1CB8E80A00495273 /* Release */,
			);
			defaultConfigurationIsVisible = 0;
			defaultConfigurationName = Release;
		};
		42FAE5DE1CB8E80A00495273 /* Build configuration list for PBXNativeTarget "Hypnos" */ = {
			isa = XCConfigurationList;
			buildConfigurations = (
				42FAE5DF1CB8E80A00495273 /* Debug */,
				42FAE5E01CB8E80A00495273 /* Release */,
			);
			defaultConfigurationIsVisible = 0;
			defaultConfigurationName = Release;
		};
		42FAE5E11CB8E80A00495273 /* Build configuration list for PBXNativeTarget "HypnosTests" */ = {
			isa = XCConfigurationList;
			buildConfigurations = (
				42FAE5E21CB8E80A00495273 /* Debug */,
				42FAE5E31CB8E80A00495273 /* Release */,
			);
			defaultConfigurationIsVisible = 0;
			defaultConfigurationName = Release;
		};
		42FAE5E41CB8E80A00495273 /* Build configuration list for PBXNativeTarget "HypnosUITests" */ = {
			isa = XCConfigurationList;
			buildConfigurations = (
				42FAE5E51CB8E80A00495273 /* Debug */,
				42FAE5E61CB8E80A00495273 /* Release */,
			);
			defaultConfigurationIsVisible = 0;
			defaultConfigurationName = Release;
		};
/* End XCConfigurationList section */
	};
	rootObject = 42FAE5AE1CB8E80900495273 /* Project object */;
}
