PODS:
  - Alamofire (3.4.0)
  - Cartography (0.6.0)
  - JLToast (1.4.1)
  - Kingfisher (2.4.1)
  - PNChart (0.8.8):
    - UICountingLabel (~> 1.2.0)
  - SDCycleScrollView (1.64):
    - SDWebImage (~> 3.7)
  - SDWebImage (3.7.6):
    - SDWebImage/Core (= 3.7.6)
  - SDWebImage/Core (3.7.6)
  - SlideMenuControllerSwift (2.1.1)
  - SVProgressHUD (2.0.3)
  - SwiftyJSON (2.3.2)
  - UICountingLabel (1.2.0)
  - Wilddog (1.0.1)

DEPENDENCIES:
  - Alamofire (~> 3.0)
  - Cartography (~> 0.6.0)
  - JLToast
  - Kingfisher
  - PNChart (~> 0.8.8)
  - SDCycleScrollView (~> 1.64)
  - SlideMenuControllerSwift
  - SVProgressHUD (~> 2.0)
  - SwiftyJSON (~> 2.3.2)
  - Wilddog

SPEC CHECKSUMS:
  Alamofire: c19a627cefd6a95f840401c49ab1f124e07f54ee
  Cartography: 70af183a248547694a8cfaa6b989cb7e04589985
  JLToast: f2ccfdb8726e562e6c0154fa3658cd432021b1cc
  Kingfisher: 41aed5b6c1ed8fa98cf6d75283ce89cf7890f517
  PNChart: 25f91e9c4688af49c3647489760624d037f5383f
  SDCycleScrollView: 806fedb9342ab03b58b84442f985517b42c7cbb7
  SDWebImage: c325cf02c30337336b95beff20a13df489ec0ec9
  SlideMenuControllerSwift: 82ada9b04e03538c84d034cf1c09e5849c0113f7
  SVProgressHUD: b0830714205bea1317ea1a2ebc71e5633af334d4
  SwiftyJSON: 04ccea08915aa0109039157c7974cf0298da292a
  UICountingLabel: 1db4e7d023e1762171eb226d6dff47a7a84f27aa
  Wilddog: c59eb9b450c74091276b8bf09170f35dfab50d2d

COCOAPODS: 0.39.0
